
Microsoft Visual Studio Solution File, Format Version 12.00
# Visual Studio 2012
Project("{FAE04EC0-301F-11D3-BF4B-00C04F79EFBC}") = "AtariBreakout", "AtariBreakout\AtariBreakout.csproj", "{32AD4AF1-5AB7-415F-915B-2F5D47711FAC}"
EndProject
Global
	GlobalSection(SolutionConfigurationPlatforms) = preSolution
		Debug|Any CPU = Debug|Any CPU
		Release|Any CPU = Release|Any CPU
	EndGlobalSection
	GlobalSection(ProjectConfigurationPlatforms) = postSolution
		{32AD4AF1-5AB7-415F-915B-2F5D47711FAC}.Debug|Any CPU.ActiveCfg = Debug|Any CPU
		{32AD4AF1-5AB7-415F-915B-2F5D47711FAC}.Debug|Any CPU.Build.0 = Debug|Any CPU
		{32AD4AF1-5AB7-415F-915B-2F5D47711FAC}.Release|Any CPU.ActiveCfg = Release|Any CPU
		{32AD4AF1-5AB7-415F-915B-2F5D47711FAC}.Release|Any CPU.Build.0 = Release|Any CPU
	EndGlobalSection
	GlobalSection(SolutionProperties) = preSolution
		HideSolutionNode = FALSE
	EndGlobalSection
EndGlobal
